{
  "name": "mathematical-operations-add",
  "version": "1.0.1",
  "lockfileVersion": 1,
  "requires": true,
  "dependencies": {
    "mathematical-operations": {
      "version": "1.0.1",
      "resolved": "https://registry.npmjs.org/mathematical-operations/-/mathematical-operations-1.0.1.tgz",
      "integrity": "sha512-gZvt54I9kLxW7162cYY08w819WH02z4c2/DKykZzJtA4RATRS7rhF07hx+awGsdHie/P5G9pDrdk+Kor57/h4A=="
    }
  }
}
